// !$*UTF8*$!
{
	archiveVersion = 1;
	classes = {
	};
	objectVersion = 46;
	objects = {

/* Begin PBXBuildFile section */
		E625B78E1E2CA79D00A65C75 /* JNCalendarSelectManager.m in Sources */ = {isa = PBXBuildFile; fileRef = E625B78D1E2CA79D00A65C75 /* JNCalendarSelectManager.m */; };
		E65DF1A21E25FB15001070C8 /* AppDelegate.m in Sources */ = {isa = PBXBuildFile; fileRef = E65DF1A11E25FB15001070C8 /* AppDelegate.m */; };
		E65DF1A51E25FB15001070C8 /* main.m in Sources */ = {isa = PBXBuildFile; fileRef = E65DF1A41E25FB15001070C8 /* main.m */; };
		E65DF1AA1E25FB15001070C8 /* Assets.xcassets in Resources */ = {isa = PBXBuildFile; fileRef = E65DF1A91E25FB15001070C8 /* Assets.xcassets */; };
		E65DF1B81E25FB16001070C8 /* JNLunarCalendarTests.m in Sources */ = {isa = PBXBuildFile; fileRef = E65DF1B71E25FB16001070C8 /* JNLunarCalendarTests.m */; };
		E65DF1C31E25FB16001070C8 /* JNLunarCalendarUITests.m in Sources */ = {isa = PBXBuildFile; fileRef = E65DF1C21E25FB16001070C8 /* JNLunarCalendarUITests.m */; };
		E65DF1D31E25FB2E001070C8 /* LunarCore.m in Sources */ = {isa = PBXBuildFile; fileRef = E65DF1D21E25FB2E001070C8 /* LunarCore.m */; };
		E65DF1D71E25FCE5001070C8 /* JNPopViewController.m in Sources */ = {isa = PBXBuildFile; fileRef = E65DF1D51E25FCE5001070C8 /* JNPopViewController.m */; };
		E65DF1D81E25FCE5001070C8 /* JNPopViewController.xib in Resources */ = {isa = PBXBuildFile; fileRef = E65DF1D61E25FCE5001070C8 /* JNPopViewController.xib */; };
		E65DF1E41E270E09001070C8 /* JNCollectionItem.m in Sources */ = {isa = PBXBuildFile; fileRef = E65DF1E21E270E09001070C8 /* JNCollectionItem.m */; };
		E65DF1E51E270E09001070C8 /* JNCollectionItem.xib in Resources */ = {isa = PBXBuildFile; fileRef = E65DF1E31E270E09001070C8 /* JNCollectionItem.xib */; };
/* End PBXBuildFile section */

/* Begin PBXContainerItemProxy section */
		E65DF1B41E25FB16001070C8 /* PBXContainerItemProxy */ = {
			isa = PBXContainerItemProxy;
			containerPortal = E65DF1951E25FB15001070C8 /* Project object */;
			proxyType = 1;
			remoteGlobalIDString = E65DF19C1E25FB15001070C8;
			remoteInfo = JNLunarCalendar;
		};
		E65DF1BF1E25FB16001070C8 /* PBXContainerItemProxy */ = {
			isa = PBXContainerItemProxy;
			containerPortal = E65DF1951E25FB15001070C8 /* Project object */;
			proxyType = 1;
			remoteGlobalIDString = E65DF19C1E25FB15001070C8;
			remoteInfo = JNLunarCalendar;
		};
/* End PBXContainerItemProxy section */

/* Begin PBXFileReference section */
		E625B78C1E2CA79D00A65C75 /* JNCalendarSelectManager.h */ = {isa = PBXFileReference; fileEncoding = 4; lastKnownFileType = sourcecode.c.h; path = JNCalendarSelectManager.h; sourceTree = "<group>"; };
		E625B78D1E2CA79D00A65C75 /* JNCalendarSelectManager.m */ = {isa = PBXFileReference; fileEncoding = 4; lastKnownFileType = sourcecode.c.objc; path = JNCalendarSelectManager.m; sourceTree = "<group>"; };
		E65DF19D1E25FB15001070C8 /* JNLunarCalendar.app */ = {isa = PBXFileReference; explicitFileType = wrapper.application; includeInIndex = 0; path = JNLunarCalendar.app; sourceTree = BUILT_PRODUCTS_DIR; };
		E65DF1A01E25FB15001070C8 /* AppDelegate.h */ = {isa = PBXFileReference; lastKnownFileType = sourcecode.c.h; path = AppDelegate.h; sourceTree = "<group>"; };
		E65DF1A11E25FB15001070C8 /* AppDelegate.m */ = {isa = PBXFileReference; lastKnownFileType = sourcecode.c.objc; path = AppDelegate.m; sourceTree = "<group>"; };
		E65DF1A41E25FB15001070C8 /* main.m */ = {isa = PBXFileReference; lastKnownFileType = sourcecode.c.objc; path = main.m; sourceTree = "<group>"; };
		E65DF1A91E25FB15001070C8 /* Assets.xcassets */ = {isa = PBXFileReference; lastKnownFileType = folder.assetcatalog; path = Assets.xcassets; sourceTree = "<group>"; };
		E65DF1AE1E25FB15001070C8 /* Info.plist */ = {isa = PBXFileReference; lastKnownFileType = text.plist.xml; path = Info.plist; sourceTree = "<group>"; };
		E65DF1B31E25FB16001070C8 /* JNLunarCalendarTests.xctest */ = {isa = PBXFileReference; explicitFileType = wrapper.cfbundle; includeInIndex = 0; path = JNLunarCalendarTests.xctest; sourceTree = BUILT_PRODUCTS_DIR; };
		E65DF1B71E25FB16001070C8 /* JNLunarCalendarTests.m */ = {isa = PBXFileReference; lastKnownFileType = sourcecode.c.objc; path = JNLunarCalendarTests.m; sourceTree = "<group>"; };
		E65DF1B91E25FB16001070C8 /* Info.plist */ = {isa = PBXFileReference; lastKnownFileType = text.plist.xml; path = Info.plist; sourceTree = "<group>"; };
		E65DF1BE1E25FB16001070C8 /* JNLunarCalendarUITests.xctest */ = {isa = PBXFileReference; explicitFileType = wrapper.cfbundle; includeInIndex = 0; path = JNLunarCalendarUITests.xctest; sourceTree = BUILT_PRODUCTS_DIR; };
		E65DF1C21E25FB16001070C8 /* JNLunarCalendarUITests.m */ = {isa = PBXFileReference; lastKnownFileType = sourcecode.c.objc; path = JNLunarCalendarUITests.m; sourceTree = "<group>"; };
		E65DF1C41E25FB16001070C8 /* Info.plist */ = {isa = PBXFileReference; lastKnownFileType = text.plist.xml; path = Info.plist; sourceTree = "<group>"; };
		E65DF1D11E25FB2E001070C8 /* LunarCore.h */ = {isa = PBXFileReference; fileEncoding = 4; lastKnownFileType = sourcecode.c.h; path = LunarCore.h; sourceTree = "<group>"; };
		E65DF1D21E25FB2E001070C8 /* LunarCore.m */ = {isa = PBXFileReference; fileEncoding = 4; lastKnownFileType = sourcecode.c.objc; path = LunarCore.m; sourceTree = "<group>"; };
		E65DF1D41E25FCE5001070C8 /* JNPopViewController.h */ = {isa = PBXFileReference; fileEncoding = 4; lastKnownFileType = sourcecode.c.h; path = JNPopViewController.h; sourceTree = "<group>"; };
		E65DF1D51E25FCE5001070C8 /* JNPopViewController.m */ = {isa = PBXFileReference; fileEncoding = 4; lastKnownFileType = sourcecode.c.objc; path = JNPopViewController.m; sourceTree = "<group>"; };
		E65DF1D61E25FCE5001070C8 /* JNPopViewController.xib */ = {isa = PBXFileReference; fileEncoding = 4; lastKnownFileType = file.xib; path = JNPopViewController.xib; sourceTree = "<group>"; };
		E65DF1E11E270E09001070C8 /* JNCollectionItem.h */ = {isa = PBXFileReference; fileEncoding = 4; lastKnownFileType = sourcecode.c.h; path = JNCollectionItem.h; sourceTree = "<group>"; };
		E65DF1E21E270E09001070C8 /* JNCollectionItem.m */ = {isa = PBXFileReference; fileEncoding = 4; lastKnownFileType = sourcecode.c.objc; path = JNCollectionItem.m; sourceTree = "<group>"; };
		E65DF1E31E270E09001070C8 /* JNCollectionItem.xib */ = {isa = PBXFileReference; fileEncoding = 4; lastKnownFileType = file.xib; path = JNCollectionItem.xib; sourceTree = "<group>"; };
/* End PBXFileReference section */

/* Begin PBXFrameworksBuildPhase section */
		E65DF19A1E25FB15001070C8 /* Frameworks */ = {
			isa = PBXFrameworksBuildPhase;
			buildActionMask = 2147483647;
			files = (
			);
			runOnlyForDeploymentPostprocessing = 0;
		};
		E65DF1B01E25FB16001070C8 /* Frameworks */ = {
			isa = PBXFrameworksBuildPhase;
			buildActionMask = 2147483647;
			files = (
			);
			runOnlyForDeploymentPostprocessing = 0;
		};
		E65DF1BB1E25FB16001070C8 /* Frameworks */ = {
			isa = PBXFrameworksBuildPhase;
			buildActionMask = 2147483647;
			files = (
			);
			runOnlyForDeploymentPostprocessing = 0;
		};
/* End PBXFrameworksBuildPhase section */

/* Begin PBXGroup section */
		E65DF1941E25FB15001070C8 = {
			isa = PBXGroup;
			children = (
				E65DF19F1E25FB15001070C8 /* JNLunarCalendar */,
				E65DF1B61E25FB16001070C8 /* JNLunarCalendarTests */,
				E65DF1C11E25FB16001070C8 /* JNLunarCalendarUITests */,
				E65DF19E1E25FB15001070C8 /* Products */,
			);
			sourceTree = "<group>";
		};
		E65DF19E1E25FB15001070C8 /* Products */ = {
			isa = PBXGroup;
			children = (
				E65DF19D1E25FB15001070C8 /* JNLunarCalendar.app */,
				E65DF1B31E25FB16001070C8 /* JNLunarCalendarTests.xctest */,
				E65DF1BE1E25FB16001070C8 /* JNLunarCalendarUITests.xctest */,
			);
			name = Products;
			sourceTree = "<group>";
		};
		E65DF19F1E25FB15001070C8 /* JNLunarCalendar */ = {
			isa = PBXGroup;
			children = (
				E65DF1D01E25FB2E001070C8 /* LunarCore */,
				E65DF1A01E25FB15001070C8 /* AppDelegate.h */,
				E65DF1A11E25FB15001070C8 /* AppDelegate.m */,
				E65DF1D41E25FCE5001070C8 /* JNPopViewController.h */,
				E65DF1D51E25FCE5001070C8 /* JNPopViewController.m */,
				E65DF1D61E25FCE5001070C8 /* JNPopViewController.xib */,
				E65DF1E11E270E09001070C8 /* JNCollectionItem.h */,
				E65DF1E21E270E09001070C8 /* JNCollectionItem.m */,
				E65DF1E31E270E09001070C8 /* JNCollectionItem.xib */,
				E625B78C1E2CA79D00A65C75 /* JNCalendarSelectManager.h */,
				E625B78D1E2CA79D00A65C75 /* JNCalendarSelectManager.m */,
				E65DF1A91E25FB15001070C8 /* Assets.xcassets */,
				E65DF1AE1E25FB15001070C8 /* Info.plist */,
				E65DF1A31E25FB15001070C8 /* Supporting Files */,
			);
			path = JNLunarCalendar;
			sourceTree = "<group>";
		};
		E65DF1A31E25FB15001070C8 /* Supporting Files */ = {
			isa = PBXGroup;
			children = (
				E65DF1A41E25FB15001070C8 /* main.m */,
			);
			name = "Supporting Files";
			sourceTree = "<group>";
		};
		E65DF1B61E25FB16001070C8 /* JNLunarCalendarTests */ = {
			isa = PBXGroup;
			children = (
				E65DF1B71E25FB16001070C8 /* JNLunarCalendarTests.m */,
				E65DF1B91E25FB16001070C8 /* Info.plist */,
			);
			path = JNLunarCalendarTests;
			sourceTree = "<group>";
		};
		E65DF1C11E25FB16001070C8 /* JNLunarCalendarUITests */ = {
			isa = PBXGroup;
			children = (
				E65DF1C21E25FB16001070C8 /* JNLunarCalendarUITests.m */,
				E65DF1C41E25FB16001070C8 /* Info.plist */,
			);
			path = JNLunarCalendarUITests;
			sourceTree = "<group>";
		};
		E65DF1D01E25FB2E001070C8 /* LunarCore */ = {
			isa = PBXGroup;
			children = (
				E65DF1D11E25FB2E001070C8 /* LunarCore.h */,
				E65DF1D21E25FB2E001070C8 /* LunarCore.m */,
			);
			path = LunarCore;
			sourceTree = "<group>";
		};
/* End PBXGroup section */

/* Begin PBXNativeTarget section */
		E65DF19C1E25FB15001070C8 /* JNLunarCalendar */ = {
			isa = PBXNativeTarget;
			buildConfigurationList = E65DF1C71E25FB16001070C8 /* Build configuration list for PBXNativeTarget "JNLunarCalendar" */;
			buildPhases = (
				E65DF1991E25FB15001070C8 /* Sources */,
				E65DF19A1E25FB15001070C8 /* Frameworks */,
				E65DF19B1E25FB15001070C8 /* Resources */,
			);
			buildRules = (
			);
			dependencies = (
			);
			name = JNLunarCalendar;
			productName = JNLunarCalendar;
			productReference = E65DF19D1E25FB15001070C8 /* JNLunarCalendar.app */;
			productType = "com.apple.product-type.application";
		};
		E65DF1B21E25FB16001070C8 /* JNLunarCalendarTests */ = {
			isa = PBXNativeTarget;
			buildConfigurationList = E65DF1CA1E25FB16001070C8 /* Build configuration list for PBXNativeTarget "JNLunarCalendarTests" */;
			buildPhases = (
				E65DF1AF1E25FB16001070C8 /* Sources */,
				E65DF1B01E25FB16001070C8 /* Frameworks */,
				E65DF1B11E25FB16001070C8 /* Resources */,
			);
			buildRules = (
			);
			dependencies = (
				E65DF1B51E25FB16001070C8 /* PBXTargetDependency */,
			);
			name = JNLunarCalendarTests;
			productName = JNLunarCalendarTests;
			productReference = E65DF1B31E25FB16001070C8 /* JNLunarCalendarTests.xctest */;
			productType = "com.apple.product-type.bundle.unit-test";
		};
		E65DF1BD1E25FB16001070C8 /* JNLunarCalendarUITests */ = {
			isa = PBXNativeTarget;
			buildConfigurationList = E65DF1CD1E25FB16001070C8 /* Build configuration list for PBXNativeTarget "JNLunarCalendarUITests" */;
			buildPhases = (
				E65DF1BA1E25FB16001070C8 /* Sources */,
				E65DF1BB1E25FB16001070C8 /* Frameworks */,
				E65DF1BC1E25FB16001070C8 /* Resources */,
			);
			buildRules = (
			);
			dependencies = (
				E65DF1C01E25FB16001070C8 /* PBXTargetDependency */,
			);
			name = JNLunarCalendarUITests;
			productName = JNLunarCalendarUITests;
			productReference = E65DF1BE1E25FB16001070C8 /* JNLunarCalendarUITests.xctest */;
			productType = "com.apple.product-type.bundle.ui-testing";
		};
/* End PBXNativeTarget section */

/* Begin PBXProject section */
		E65DF1951E25FB15001070C8 /* Project object */ = {
			isa = PBXProject;
			attributes = {
				LastUpgradeCheck = 0820;
				ORGANIZATIONNAME = NetEase;
				TargetAttributes = {
					E65DF19C1E25FB15001070C8 = {
						CreatedOnToolsVersion = 8.2.1;
						ProvisioningStyle = Automatic;
					};
					E65DF1B21E25FB16001070C8 = {
						CreatedOnToolsVersion = 8.2.1;
						ProvisioningStyle = Automatic;
						TestTargetID = E65DF19C1E25FB15001070C8;
					};
					E65DF1BD1E25FB16001070C8 = {
						CreatedOnToolsVersion = 8.2.1;
						ProvisioningStyle = Automatic;
						TestTargetID = E65DF19C1E25FB15001070C8;
					};
				};
			};
			buildConfigurationList = E65DF1981E25FB15001070C8 /* Build configuration list for PBXProject "JNLunarCalendar" */;
			compatibilityVersion = "Xcode 3.2";
			developmentRegion = English;
			hasScannedForEncodings = 0;
			knownRegions = (
				en,
				Base,
			);
			mainGroup = E65DF1941E25FB15001070C8;
			productRefGroup = E65DF19E1E25FB15001070C8 /* Products */;
			projectDirPath = "";
			projectRoot = "";
			targets = (
				E65DF19C1E25FB15001070C8 /* JNLunarCalendar */,
				E65DF1B21E25FB16001070C8 /* JNLunarCalendarTests */,
				E65DF1BD1E25FB16001070C8 /* JNLunarCalendarUITests */,
			);
		};
/* End PBXProject section */

/* Begin PBXResourcesBuildPhase section */
		E65DF19B1E25FB15001070C8 /* Resources */ = {
			isa = PBXResourcesBuildPhase;
			buildActionMask = 2147483647;
			files = (
				E65DF1E51E270E09001070C8 /* JNCollectionItem.xib in Resources */,
				E65DF1D81E25FCE5001070C8 /* JNPopViewController.xib in Resources */,
				E65DF1AA1E25FB15001070C8 /* Assets.xcassets in Resources */,
			);
			runOnlyForDeploymentPostprocessing = 0;
		};
		E65DF1B11E25FB16001070C8 /* Resources */ = {
			isa = PBXResourcesBuildPhase;
			buildActionMask = 2147483647;
			files = (
			);
			runOnlyForDeploymentPostprocessing = 0;
		};
		E65DF1BC1E25FB16001070C8 /* Resources */ = {
			isa = PBXResourcesBuildPhase;
			buildActionMask = 2147483647;
			files = (
			);
			runOnlyForDeploymentPostprocessing = 0;
		};
/* End PBXResourcesBuildPhase section */

/* Begin PBXSourcesBuildPhase section */
		E65DF1991E25FB15001070C8 /* Sources */ = {
			isa = PBXSourcesBuildPhase;
			buildActionMask = 2147483647;
			files = (
				E65DF1D31E25FB2E001070C8 /* LunarCore.m in Sources */,
				E65DF1D71E25FCE5001070C8 /* JNPopViewController.m in Sources */,
				E65DF1A51E25FB15001070C8 /* main.m in Sources */,
				E625B78E1E2CA79D00A65C75 /* JNCalendarSelectManager.m in Sources */,
				E65DF1E41E270E09001070C8 /* JNCollectionItem.m in Sources */,
				E65DF1A21E25FB15001070C8 /* AppDelegate.m in Sources */,
			);
			runOnlyForDeploymentPostprocessing = 0;
		};
		E65DF1AF1E25FB16001070C8 /* Sources */ = {
			isa = PBXSourcesBuildPhase;
			buildActionMask = 2147483647;
			files = (
				E65DF1B81E25FB16001070C8 /* JNLunarCalendarTests.m in Sources */,
			);
			runOnlyForDeploymentPostprocessing = 0;
		};
		E65DF1BA1E25FB16001070C8 /* Sources */ = {
			isa = PBXSourcesBuildPhase;
			buildActionMask = 2147483647;
			files = (
				E65DF1C31E25FB16001070C8 /* JNLunarCalendarUITests.m in Sources */,
			);
			runOnlyForDeploymentPostprocessing = 0;
		};
/* End PBXSourcesBuildPhase section */

/* Begin PBXTargetDependency section */
		E65DF1B51E25FB16001070C8 /* PBXTargetDependency */ = {
			isa = PBXTargetDependency;
			target = E65DF19C1E25FB15001070C8 /* JNLunarCalendar */;
			targetProxy = E65DF1B41E25FB16001070C8 /* PBXContainerItemProxy */;
		};
		E65DF1C01E25FB16001070C8 /* PBXTargetDependency */ = {
			isa = PBXTargetDependency;
			target = E65DF19C1E25FB15001070C8 /* JNLunarCalendar */;
			targetProxy = E65DF1BF1E25FB16001070C8 /* PBXContainerItemProxy */;
		};
/* End PBXTargetDependency section */

/* Begin XCBuildConfiguration section */
		E65DF1C51E25FB16001070C8 /* Debug */ = {
			isa = XCBuildConfiguration;
			buildSettings = {
				ALWAYS_SEARCH_USER_PATHS = NO;
				CLANG_ANALYZER_NONNULL = YES;
				CLANG_CXX_LANGUAGE_STANDARD = "gnu++0x";
				CLANG_CXX_LIBRARY = "libc++";
				CLANG_ENABLE_MODULES = YES;
				CLANG_ENABLE_OBJC_ARC = YES;
				CLANG_WARN_BOOL_CONVERSION = YES;
				CLANG_WARN_CONSTANT_CONVERSION = YES;
				CLANG_WARN_DIRECT_OBJC_ISA_USAGE = YES_ERROR;
				CLANG_WARN_DOCUMENTATION_COMMENTS = YES;
				CLANG_WARN_EMPTY_BODY = YES;
				CLANG_WARN_ENUM_CONVERSION = YES;
				CLANG_WARN_INFINITE_RECURSION = YES;
				CLANG_WARN_INT_CONVERSION = YES;
				CLANG_WARN_OBJC_ROOT_CLASS = YES_ERROR;
				CLANG_WARN_SUSPICIOUS_MOVE = YES;
				CLANG_WARN_UNREACHABLE_CODE = YES;
				CLANG_WARN__DUPLICATE_METHOD_MATCH = YES;
				CODE_SIGN_IDENTITY = "-";
				COPY_PHASE_STRIP = NO;
				DEBUG_INFORMATION_FORMAT = dwarf;
				ENABLE_STRICT_OBJC_MSGSEND = YES;
				ENABLE_TESTABILITY = YES;
				GCC_C_LANGUAGE_STANDARD = gnu99;
				GCC_DYNAMIC_NO_PIC = NO;
				GCC_NO_COMMON_BLOCKS = YES;
				GCC_OPTIMIZATION_LEVEL = 0;
				GCC_PREPROCESSOR_DEFINITIONS = (
					"DEBUG=1",
					"$(inherited)",
				);
				GCC_WARN_64_TO_32_BIT_CONVERSION = YES;
				GCC_WARN_ABOUT_RETURN_TYPE = YES_ERROR;
				GCC_WARN_UNDECLARED_SELECTOR = YES;
				GCC_WARN_UNINITIALIZED_AUTOS = YES_AGGRESSIVE;
				GCC_WARN_UNUSED_FUNCTION = YES;
				GCC_WARN_UNUSED_VARIABLE = YES;
				MACOSX_DEPLOYMENT_TARGET = 10.12;
				MTL_ENABLE_DEBUG_INFO = YES;
				ONLY_ACTIVE_ARCH = YES;
				SDKROOT = macosx;
			};
			name = Debug;
		};
		E65DF1C61E25FB16001070C8 /* Release */ = {
			isa = XCBuildConfiguration;
			buildSettings = {
				ALWAYS_SEARCH_USER_PATHS = NO;
				CLANG_ANALYZER_NONNULL = YES;
				CLANG_CXX_LANGUAGE_STANDARD = "gnu++0x";
				CLANG_CXX_LIBRARY = "libc++";
				CLANG_ENABLE_MODULES = YES;
				CLANG_ENABLE_OBJC_ARC = YES;
				CLANG_WARN_BOOL_CONVERSION = YES;
				CLANG_WARN_CONSTANT_CONVERSION = YES;
				CLANG_WARN_DIRECT_OBJC_ISA_USAGE = YES_ERROR;
				CLANG_WARN_DOCUMENTATION_COMMENTS = YES;
				CLANG_WARN_EMPTY_BODY = YES;
				CLANG_WARN_ENUM_CONVERSION = YES;
				CLANG_WARN_INFINITE_RECURSION = YES;
				CLANG_WARN_INT_CONVERSION = YES;
				CLANG_WARN_OBJC_ROOT_CLASS = YES_ERROR;
				CLANG_WARN_SUSPICIOUS_MOVE = YES;
				CLANG_WARN_UNREACHABLE_CODE = YES;
				CLANG_WARN__DUPLICATE_METHOD_MATCH = YES;
				CODE_SIGN_IDENTITY = "-";
				COPY_PHASE_STRIP = NO;
				DEBUG_INFORMATION_FORMAT = "dwarf-with-dsym";
				ENABLE_NS_ASSERTIONS = NO;
				ENABLE_STRICT_OBJC_MSGSEND = YES;
				GCC_C_LANGUAGE_STANDARD = gnu99;
				GCC_NO_COMMON_BLOCKS = YES;
				GCC_WARN_64_TO_32_BIT_CONVERSION = YES;
				GCC_WARN_ABOUT_RETURN_TYPE = YES_ERROR;
				GCC_WARN_UNDECLARED_SELECTOR = YES;
				GCC_WARN_UNINITIALIZED_AUTOS = YES_AGGRESSIVE;
				GCC_WARN_UNUSED_FUNCTION = YES;
				GCC_WARN_UNUSED_VARIABLE = YES;
				MACOSX_DEPLOYMENT_TARGET = 10.12;
				MTL_ENABLE_DEBUG_INFO = NO;
				SDKROOT = macosx;
			};
			name = Release;
		};
		E65DF1C81E25FB16001070C8 /* Debug */ = {
			isa = XCBuildConfiguration;
			buildSettings = {
				ASSETCATALOG_COMPILER_APPICON_NAME = AppIcon;
				COMBINE_HIDPI_IMAGES = YES;
				INFOPLIST_FILE = JNLunarCalendar/Info.plist;
				LD_RUNPATH_SEARCH_PATHS = "$(inherited) @executable_path/../Frameworks";
				MACOSX_DEPLOYMENT_TARGET = 10.10;
				PRODUCT_BUNDLE_IDENTIFIER = y.JNLunarCalendar;
				PRODUCT_NAME = "$(TARGET_NAME)";
			};
			name = Debug;
		};
		E65DF1C91E25FB16001070C8 /* Release */ = {
			isa = XCBuildConfiguration;
			buildSettings = {
				ASSETCATALOG_COMPILER_APPICON_NAME = AppIcon;
				COMBINE_HIDPI_IMAGES = YES;
				INFOPLIST_FILE = JNLunarCalendar/Info.plist;
				LD_RUNPATH_SEARCH_PATHS = "$(inherited) @executable_path/../Frameworks";
				MACOSX_DEPLOYMENT_TARGET = 10.10;
				PRODUCT_BUNDLE_IDENTIFIER = y.JNLunarCalendar;
				PRODUCT_NAME = "$(TARGET_NAME)";
			};
			name = Release;
		};
		E65DF1CB1E25FB16001070C8 /* Debug */ = {
			isa = XCBuildConfiguration;
			buildSettings = {
				BUNDLE_LOADER = "$(TEST_HOST)";
				COMBINE_HIDPI_IMAGES = YES;
				INFOPLIST_FILE = JNLunarCalendarTests/Info.plist;
				LD_RUNPATH_SEARCH_PATHS = "$(inherited) @executable_path/../Frameworks @loader_path/../Frameworks";
				PRODUCT_BUNDLE_IDENTIFIER = y.JNLunarCalendarTests;
				PRODUCT_NAME = "$(TARGET_NAME)";
				TEST_HOST = "$(BUILT_PRODUCTS_DIR)/JNLunarCalendar.app/Contents/MacOS/JNLunarCalendar";
			};
			name = Debug;
		};
		E65DF1CC1E25FB16001070C8 /* Release */ = {
			isa = XCBuildConfiguration;
			buildSettings = {
				BUNDLE_LOADER = "$(TEST_HOST)";
				COMBINE_HIDPI_IMAGES = YES;
				INFOPLIST_FILE = JNLunarCalendarTests/Info.plist;
				LD_RUNPATH_SEARCH_PATHS = "$(inherited) @executable_path/../Frameworks @loader_path/../Frameworks";
				PRODUCT_BUNDLE_IDENTIFIER = y.JNLunarCalendarTests;
				PRODUCT_NAME = "$(TARGET_NAME)";
				TEST_HOST = "$(BUILT_PRODUCTS_DIR)/JNLunarCalendar.app/Contents/MacOS/JNLunarCalendar";
			};
			name = Release;
		};
		E65DF1CE1E25FB16001070C8 /* Debug */ = {
			isa = XCBuildConfiguration;
			buildSettings = {
				COMBINE_HIDPI_IMAGES = YES;
				INFOPLIST_FILE = JNLunarCalendarUITests/Info.plist;
				LD_RUNPATH_SEARCH_PATHS = "$(inherited) @executable_path/../Frameworks @loader_path/../Frameworks";
				PRODUCT_BUNDLE_IDENTIFIER = y.JNLunarCalendarUITests;
				PRODUCT_NAME = "$(TARGET_NAME)";
				TEST_TARGET_NAME = JNLunarCalendar;
			};
			name = Debug;
		};
		E65DF1CF1E25FB16001070C8 /* Release */ = {
			isa = XCBuildConfiguration;
			buildSettings = {
				COMBINE_HIDPI_IMAGES = YES;
				INFOPLIST_FILE = JNLunarCalendarUITests/Info.plist;
				LD_RUNPATH_SEARCH_PATHS = "$(inherited) @executable_path/../Frameworks @loader_path/../Frameworks";
				PRODUCT_BUNDLE_IDENTIFIER = y.JNLunarCalendarUITests;
				PRODUCT_NAME = "$(TARGET_NAME)";
				TEST_TARGET_NAME = JNLunarCalendar;
			};
			name = Release;
		};
/* End XCBuildConfiguration section */

/* Begin XCConfigurationList section */
		E65DF1981E25FB15001070C8 /* Build configuration list for PBXProject "JNLunarCalendar" */ = {
			isa = XCConfigurationList;
			buildConfigurations = (
				E65DF1C51E25FB16001070C8 /* Debug */,
				E65DF1C61E25FB16001070C8 /* Release */,
			);
			defaultConfigurationIsVisible = 0;
			defaultConfigurationName = Release;
		};
		E65DF1C71E25FB16001070C8 /* Build configuration list for PBXNativeTarget "JNLunarCalendar" */ = {
			isa = XCConfigurationList;
			buildConfigurations = (
				E65DF1C81E25FB16001070C8 /* Debug */,
				E65DF1C91E25FB16001070C8 /* Release */,
			);
			defaultConfigurationIsVisible = 0;
			defaultConfigurationName = Release;
		};
		E65DF1CA1E25FB16001070C8 /* Build configuration list for PBXNativeTarget "JNLunarCalendarTests" */ = {
			isa = XCConfigurationList;
			buildConfigurations = (
				E65DF1CB1E25FB16001070C8 /* Debug */,
				E65DF1CC1E25FB16001070C8 /* Release */,
			);
			defaultConfigurationIsVisible = 0;
			defaultConfigurationName = Release;
		};
		E65DF1CD1E25FB16001070C8 /* Build configuration list for PBXNativeTarget "JNLunarCalendarUITests" */ = {
			isa = XCConfigurationList;
			buildConfigurations = (
				E65DF1CE1E25FB16001070C8 /* Debug */,
				E65DF1CF1E25FB16001070C8 /* Release */,
			);
			defaultConfigurationIsVisible = 0;
			defaultConfigurationName = Release;
		};
/* End XCConfigurationList section */
	};
	rootObject = E65DF1951E25FB15001070C8 /* Project object */;
}
